
Microsoft Visual Studio Solution File, Format Version 12.00
# Visual Studio 14
VisualStudioVersion = 14.0.25420.1
MinimumVisualStudioVersion = 10.0.40219.1
Project("{2150E333-8FDC-42A3-9474-1A3956D46DE8}") = "src", "src", "{6ECCF9D6-4E2B-42F9-8ED0-0BD0817E1824}"
EndProject
Project("{2150E333-8FDC-42A3-9474-1A3956D46DE8}") = "Solution Items", "Solution Items", "{29DD3919-9BBE-4EB5-AB01-68CFA0F774EA}"
	ProjectSection(SolutionItems) = preProject
		global.json = global.json
	EndProjectSection
EndProject
Project("{8BB2217D-0F2D-49D1-97BC-3654ED321F3B}") = "RedirectorServer", "src\RedirectorServer\RedirectorServer.xproj", "{71CBB83A-9F6F-4311-BA9A-39414F3D48C4}"
EndProject
Project("{8BB2217D-0F2D-49D1-97BC-3654ED321F3B}") = "DataAccess", "src\DataAccess\DataAccess.xproj", "{A611AFA3-CAFF-4ED6-8FAB-CBA88097C9ED}"
EndProject
Global
	GlobalSection(SolutionConfigurationPlatforms) = preSolution
		Debug|Any CPU = Debug|Any CPU
		Release|Any CPU = Release|Any CPU
	EndGlobalSection
	GlobalSection(ProjectConfigurationPlatforms) = postSolution
		{71CBB83A-9F6F-4311-BA9A-39414F3D48C4}.Debug|Any CPU.ActiveCfg = Debug|Any CPU
		{71CBB83A-9F6F-4311-BA9A-39414F3D48C4}.Debug|Any CPU.Build.0 = Debug|Any CPU
		{71CBB83A-9F6F-4311-BA9A-39414F3D48C4}.Release|Any CPU.ActiveCfg = Release|Any CPU
		{71CBB83A-9F6F-4311-BA9A-39414F3D48C4}.Release|Any CPU.Build.0 = Release|Any CPU
		{A611AFA3-CAFF-4ED6-8FAB-CBA88097C9ED}.Debug|Any CPU.ActiveCfg = Debug|Any CPU
		{A611AFA3-CAFF-4ED6-8FAB-CBA88097C9ED}.Debug|Any CPU.Build.0 = Debug|Any CPU
		{A611AFA3-CAFF-4ED6-8FAB-CBA88097C9ED}.Release|Any CPU.ActiveCfg = Release|Any CPU
		{A611AFA3-CAFF-4ED6-8FAB-CBA88097C9ED}.Release|Any CPU.Build.0 = Release|Any CPU
	EndGlobalSection
	GlobalSection(SolutionProperties) = preSolution
		HideSolutionNode = FALSE
	EndGlobalSection
	GlobalSection(NestedProjects) = preSolution
		{71CBB83A-9F6F-4311-BA9A-39414F3D48C4} = {6ECCF9D6-4E2B-42F9-8ED0-0BD0817E1824}
		{A611AFA3-CAFF-4ED6-8FAB-CBA88097C9ED} = {6ECCF9D6-4E2B-42F9-8ED0-0BD0817E1824}
	EndGlobalSection
EndGlobal
